// !$*UTF8*$!
{
	archiveVersion = 1;
	classes = {
	};
	objectVersion = 54;
	objects = {

/* Begin PBXBuildFile section */
		690D07A52664C8FB005CB8E1 /* mountainData.json in Resources */ = {isa = PBXBuildFile; fileRef = 690D07A42664C8FB005CB8E1 /* mountainData.json */; };
		690D07AA2664CBC6005CB8E1 /* Mountain.swift in Sources */ = {isa = PBXBuildFile; fileRef = 690D07A92664CBC6005CB8E1 /* Mountain.swift */; };
		690D07AC2664CC3E005CB8E1 /* Profile.swift in Sources */ = {isa = PBXBuildFile; fileRef = 690D07AB2664CC3E005CB8E1 /* Profile.swift */; };
		693560A3266E18F500F2E9A0 /* Climb.swift in Sources */ = {isa = PBXBuildFile; fileRef = 693560A2266E18F500F2E9A0 /* Climb.swift */; };
		693560B4266E1D0400F2E9A0 /* SummaryView.swift in Sources */ = {isa = PBXBuildFile; fileRef = 693560A5266E1D0400F2E9A0 /* SummaryView.swift */; };
		693560B5266E1D0400F2E9A0 /* DetailsView.swift in Sources */ = {isa = PBXBuildFile; fileRef = 693560A6266E1D0400F2E9A0 /* DetailsView.swift */; };
		693560B6266E1D0400F2E9A0 /* AbandonButtonView.swift in Sources */ = {isa = PBXBuildFile; fileRef = 693560A7266E1D0400F2E9A0 /* AbandonButtonView.swift */; };
		693560B7266E1D0400F2E9A0 /* BottomSheetPosition.swift in Sources */ = {isa = PBXBuildFile; fileRef = 693560A9266E1D0400F2E9A0 /* BottomSheetPosition.swift */; };
		693560B8266E1D0400F2E9A0 /* BottomSheet.swift in Sources */ = {isa = PBXBuildFile; fileRef = 693560AA266E1D0400F2E9A0 /* BottomSheet.swift */; };
		693560B9266E1D0400F2E9A0 /* README.md in Resources */ = {isa = PBXBuildFile; fileRef = 693560AB266E1D0400F2E9A0 /* README.md */; };
		693560BA266E1D0400F2E9A0 /* BottomSheetView.swift in Sources */ = {isa = PBXBuildFile; fileRef = 693560AC266E1D0400F2E9A0 /* BottomSheetView.swift */; };
		693560BB266E1D0400F2E9A0 /* ViewExtension.swift in Sources */ = {isa = PBXBuildFile; fileRef = 693560AD266E1D0400F2E9A0 /* ViewExtension.swift */; };
		693560BC266E1D0400F2E9A0 /* .gitignore in Resources */ = {isa = PBXBuildFile; fileRef = 693560AE266E1D0400F2E9A0 /* .gitignore */; };
		693560BD266E1D0400F2E9A0 /* LICENSE.txt in Resources */ = {isa = PBXBuildFile; fileRef = 693560AF266E1D0400F2E9A0 /* LICENSE.txt */; };
		693560C2266E1F0A00F2E9A0 /* NewClimbView.swift in Sources */ = {isa = PBXBuildFile; fileRef = 693560C1266E1F0A00F2E9A0 /* NewClimbView.swift */; };
		69526107266E54C400001678 /* MountainDetailView.swift in Sources */ = {isa = PBXBuildFile; fileRef = 69526106266E54C400001678 /* MountainDetailView.swift */; };
		6955E82B25B63495007898C4 /* ClimberApp.swift in Sources */ = {isa = PBXBuildFile; fileRef = 6955E82A25B63495007898C4 /* ClimberApp.swift */; };
		6955E82F25B63496007898C4 /* Assets.xcassets in Resources */ = {isa = PBXBuildFile; fileRef = 6955E82E25B63496007898C4 /* Assets.xcassets */; };
		6955E83225B63496007898C4 /* Preview Assets.xcassets in Resources */ = {isa = PBXBuildFile; fileRef = 6955E83125B63496007898C4 /* Preview Assets.xcassets */; };
		6957225C2665BCEE002A2797 /* ProfileInfo.swift in Sources */ = {isa = PBXBuildFile; fileRef = 6957225B2665BCEE002A2797 /* ProfileInfo.swift */; };
		6957225E2665C061002A2797 /* ProfileView.swift in Sources */ = {isa = PBXBuildFile; fileRef = 6957225D2665C061002A2797 /* ProfileView.swift */; };
		695722612665C77A002A2797 /* TermsOfServiceView.swift in Sources */ = {isa = PBXBuildFile; fileRef = 695722602665C77A002A2797 /* TermsOfServiceView.swift */; };
		695722632665C784002A2797 /* PrivacyPolicyView.swift in Sources */ = {isa = PBXBuildFile; fileRef = 695722622665C784002A2797 /* PrivacyPolicyView.swift */; };
		695722652665C7A8002A2797 /* LicensesView.swift in Sources */ = {isa = PBXBuildFile; fileRef = 695722642665C7A8002A2797 /* LicensesView.swift */; };
		695722672665C7B7002A2797 /* SpecialThanksView.swift in Sources */ = {isa = PBXBuildFile; fileRef = 695722662665C7B7002A2797 /* SpecialThanksView.swift */; };
		695722692665C929002A2797 /* ClimberView.swift in Sources */ = {isa = PBXBuildFile; fileRef = 695722682665C929002A2797 /* ClimberView.swift */; };
		6957226B2665CA92002A2797 /* ClimberBackgroundView.swift in Sources */ = {isa = PBXBuildFile; fileRef = 6957226A2665CA92002A2797 /* ClimberBackgroundView.swift */; };
		6998214725F60EC4009A0DD5 /* ContentView.swift in Sources */ = {isa = PBXBuildFile; fileRef = 6998214625F60EC4009A0DD5 /* ContentView.swift */; };
		69ABBEA325B66B12000B0303 /* ModelData.swift in Sources */ = {isa = PBXBuildFile; fileRef = 69ABBEA225B66B12000B0303 /* ModelData.swift */; };
		69ABBEAD25B66BE5000B0303 /* HealthKit.framework in Frameworks */ = {isa = PBXBuildFile; fileRef = 69ABBEAC25B66BE5000B0303 /* HealthKit.framework */; };
		69B2DA41266E223A002EC0EE /* MountainsFeaturedView.swift in Sources */ = {isa = PBXBuildFile; fileRef = 69B2DA40266E2236002EC0EE /* MountainsFeaturedView.swift */; };
		69B2DA43266E2241002EC0EE /* MountainsListView.swift in Sources */ = {isa = PBXBuildFile; fileRef = 69B2DA42266E2241002EC0EE /* MountainsListView.swift */; };
		69B2DA47266E3935002EC0EE /* RoundedCorner.swift in Sources */ = {isa = PBXBuildFile; fileRef = 69B2DA44266E3935002EC0EE /* RoundedCorner.swift */; };
		69B2DA48266E3935002EC0EE /* UIColorExtension.swift in Sources */ = {isa = PBXBuildFile; fileRef = 69B2DA45266E3935002EC0EE /* UIColorExtension.swift */; };
		69B2DA49266E3935002EC0EE /* EffectView.swift in Sources */ = {isa = PBXBuildFile; fileRef = 69B2DA46266E3935002EC0EE /* EffectView.swift */; };
		69D1BE842665875300415D8F /* ProfileSheetView.swift in Sources */ = {isa = PBXBuildFile; fileRef = 69D1BE832665875300415D8F /* ProfileSheetView.swift */; };
		69D1BE8726659E0A00415D8F /* HelpView.swift in Sources */ = {isa = PBXBuildFile; fileRef = 69D1BE8626659E0A00415D8F /* HelpView.swift */; };
		69D1BE8926659E1000415D8F /* AboutView.swift in Sources */ = {isa = PBXBuildFile; fileRef = 69D1BE8826659E1000415D8F /* AboutView.swift */; };
/* End PBXBuildFile section */

/* Begin PBXFileReference section */
		690D07A42664C8FB005CB8E1 /* mountainData.json */ = {isa = PBXFileReference; lastKnownFileType = text.json; path = mountainData.json; sourceTree = "<group>"; };
		690D07A92664CBC6005CB8E1 /* Mountain.swift */ = {isa = PBXFileReference; lastKnownFileType = sourcecode.swift; path = Mountain.swift; sourceTree = "<group>"; };
		690D07AB2664CC3E005CB8E1 /* Profile.swift */ = {isa = PBXFileReference; lastKnownFileType = sourcecode.swift; path = Profile.swift; sourceTree = "<group>"; };
		690D07AD2664D09F005CB8E1 /* BottomSheetView.swift */ = {isa = PBXFileReference; lastKnownFileType = sourcecode.swift; path = BottomSheetView.swift; sourceTree = "<group>"; };
		693560A2266E18F500F2E9A0 /* Climb.swift */ = {isa = PBXFileReference; lastKnownFileType = sourcecode.swift; path = Climb.swift; sourceTree = "<group>"; };
		693560A5266E1D0400F2E9A0 /* SummaryView.swift */ = {isa = PBXFileReference; fileEncoding = 4; lastKnownFileType = sourcecode.swift; path = SummaryView.swift; sourceTree = "<group>"; };
		693560A6266E1D0400F2E9A0 /* DetailsView.swift */ = {isa = PBXFileReference; fileEncoding = 4; lastKnownFileType = sourcecode.swift; path = DetailsView.swift; sourceTree = "<group>"; };
		693560A7266E1D0400F2E9A0 /* AbandonButtonView.swift */ = {isa = PBXFileReference; fileEncoding = 4; lastKnownFileType = sourcecode.swift; path = AbandonButtonView.swift; sourceTree = "<group>"; };
		693560A9266E1D0400F2E9A0 /* BottomSheetPosition.swift */ = {isa = PBXFileReference; fileEncoding = 4; lastKnownFileType = sourcecode.swift; path = BottomSheetPosition.swift; sourceTree = "<group>"; };
		693560AA266E1D0400F2E9A0 /* BottomSheet.swift */ = {isa = PBXFileReference; fileEncoding = 4; lastKnownFileType = sourcecode.swift; path = BottomSheet.swift; sourceTree = "<group>"; };
		693560AB266E1D0400F2E9A0 /* README.md */ = {isa = PBXFileReference; fileEncoding = 4; lastKnownFileType = net.daringfireball.markdown; path = README.md; sourceTree = "<group>"; };
		693560AC266E1D0400F2E9A0 /* BottomSheetView.swift */ = {isa = PBXFileReference; fileEncoding = 4; lastKnownFileType = sourcecode.swift; path = BottomSheetView.swift; sourceTree = "<group>"; };
		693560AD266E1D0400F2E9A0 /* ViewExtension.swift */ = {isa = PBXFileReference; fileEncoding = 4; lastKnownFileType = sourcecode.swift; path = ViewExtension.swift; sourceTree = "<group>"; };
		693560AE266E1D0400F2E9A0 /* .gitignore */ = {isa = PBXFileReference; fileEncoding = 4; lastKnownFileType = text; path = .gitignore; sourceTree = "<group>"; };
		693560AF266E1D0400F2E9A0 /* LICENSE.txt */ = {isa = PBXFileReference; fileEncoding = 4; lastKnownFileType = text; path = LICENSE.txt; sourceTree = "<group>"; };
		693560C1266E1F0A00F2E9A0 /* NewClimbView.swift */ = {isa = PBXFileReference; lastKnownFileType = sourcecode.swift; path = NewClimbView.swift; sourceTree = "<group>"; };
		69526106266E54C400001678 /* MountainDetailView.swift */ = {isa = PBXFileReference; lastKnownFileType = sourcecode.swift; path = MountainDetailView.swift; sourceTree = "<group>"; };
		6955E82725B63495007898C4 /* Climber.app */ = {isa = PBXFileReference; explicitFileType = wrapper.application; includeInIndex = 0; path = Climber.app; sourceTree = BUILT_PRODUCTS_DIR; };
		6955E82A25B63495007898C4 /* ClimberApp.swift */ = {isa = PBXFileReference; lastKnownFileType = sourcecode.swift; path = ClimberApp.swift; sourceTree = "<group>"; };
		6955E82C25B63495007898C4 /* ClimberView.swift */ = {isa = PBXFileReference; lastKnownFileType = sourcecode.swift; path = ClimberView.swift; sourceTree = "<group>"; };
		6955E82E25B63496007898C4 /* Assets.xcassets */ = {isa = PBXFileReference; lastKnownFileType = folder.assetcatalog; path = Assets.xcassets; sourceTree = "<group>"; };
		6955E83125B63496007898C4 /* Preview Assets.xcassets */ = {isa = PBXFileReference; lastKnownFileType = folder.assetcatalog; path = "Preview Assets.xcassets"; sourceTree = "<group>"; };
		6955E83325B63496007898C4 /* Info.plist */ = {isa = PBXFileReference; lastKnownFileType = text.plist.xml; path = Info.plist; sourceTree = "<group>"; };
		6957225B2665BCEE002A2797 /* ProfileInfo.swift */ = {isa = PBXFileReference; lastKnownFileType = sourcecode.swift; path = ProfileInfo.swift; sourceTree = "<group>"; };
		6957225D2665C061002A2797 /* ProfileView.swift */ = {isa = PBXFileReference; lastKnownFileType = sourcecode.swift; path = ProfileView.swift; sourceTree = "<group>"; };
		695722602665C77A002A2797 /* TermsOfServiceView.swift */ = {isa = PBXFileReference; lastKnownFileType = sourcecode.swift; path = TermsOfServiceView.swift; sourceTree = "<group>"; };
		695722622665C784002A2797 /* PrivacyPolicyView.swift */ = {isa = PBXFileReference; lastKnownFileType = sourcecode.swift; path = PrivacyPolicyView.swift; sourceTree = "<group>"; };
		695722642665C7A8002A2797 /* LicensesView.swift */ = {isa = PBXFileReference; lastKnownFileType = sourcecode.swift; path = LicensesView.swift; sourceTree = "<group>"; };
		695722662665C7B7002A2797 /* SpecialThanksView.swift */ = {isa = PBXFileReference; lastKnownFileType = sourcecode.swift; path = SpecialThanksView.swift; sourceTree = "<group>"; };
		695722682665C929002A2797 /* ClimberView.swift */ = {isa = PBXFileReference; lastKnownFileType = sourcecode.swift; path = ClimberView.swift; sourceTree = "<group>"; };
		6957226A2665CA92002A2797 /* ClimberBackgroundView.swift */ = {isa = PBXFileReference; lastKnownFileType = sourcecode.swift; path = ClimberBackgroundView.swift; sourceTree = "<group>"; };
		697243D425F981B800C45FA4 /* NewClimberView.swift */ = {isa = PBXFileReference; lastKnownFileType = sourcecode.swift; path = NewClimberView.swift; sourceTree = "<group>"; };
		6998214325F5F126009A0DD5 /* OnboardingView.swift */ = {isa = PBXFileReference; fileEncoding = 4; lastKnownFileType = sourcecode.swift; path = OnboardingView.swift; sourceTree = "<group>"; };
		6998214625F60EC4009A0DD5 /* ContentView.swift */ = {isa = PBXFileReference; fileEncoding = 4; lastKnownFileType = sourcecode.swift; path = ContentView.swift; sourceTree = "<group>"; };
		69ABBE9925B634D2000B0303 /* README.md */ = {isa = PBXFileReference; fileEncoding = 4; lastKnownFileType = net.daringfireball.markdown; path = README.md; sourceTree = SOURCE_ROOT; };
		69ABBE9C25B634DC000B0303 /* .gitignore */ = {isa = PBXFileReference; fileEncoding = 4; lastKnownFileType = text; path = .gitignore; sourceTree = SOURCE_ROOT; };
		69ABBEA225B66B12000B0303 /* ModelData.swift */ = {isa = PBXFileReference; lastKnownFileType = sourcecode.swift; path = ModelData.swift; sourceTree = "<group>"; };
		69ABBEAA25B66BE5000B0303 /* Climber.entitlements */ = {isa = PBXFileReference; lastKnownFileType = text.plist.entitlements; path = Climber.entitlements; sourceTree = "<group>"; };
		69ABBEAC25B66BE5000B0303 /* HealthKit.framework */ = {isa = PBXFileReference; lastKnownFileType = wrapper.framework; name = HealthKit.framework; path = System/Library/Frameworks/HealthKit.framework; sourceTree = SDKROOT; };
		69B2DA40266E2236002EC0EE /* MountainsFeaturedView.swift */ = {isa = PBXFileReference; lastKnownFileType = sourcecode.swift; path = MountainsFeaturedView.swift; sourceTree = "<group>"; };
		69B2DA42266E2241002EC0EE /* MountainsListView.swift */ = {isa = PBXFileReference; lastKnownFileType = sourcecode.swift; path = MountainsListView.swift; sourceTree = "<group>"; };
		69B2DA44266E3935002EC0EE /* RoundedCorner.swift */ = {isa = PBXFileReference; fileEncoding = 4; lastKnownFileType = sourcecode.swift; name = RoundedCorner.swift; path = Climber/Views/Info/BottomSheet/HelperViews/RoundedCorner.swift; sourceTree = SOURCE_ROOT; };
		69B2DA45266E3935002EC0EE /* UIColorExtension.swift */ = {isa = PBXFileReference; fileEncoding = 4; lastKnownFileType = sourcecode.swift; name = UIColorExtension.swift; path = Climber/Views/Info/BottomSheet/HelperViews/UIColorExtension.swift; sourceTree = SOURCE_ROOT; };
		69B2DA46266E3935002EC0EE /* EffectView.swift */ = {isa = PBXFileReference; fileEncoding = 4; lastKnownFileType = sourcecode.swift; name = EffectView.swift; path = Climber/Views/Info/BottomSheet/HelperViews/EffectView.swift; sourceTree = SOURCE_ROOT; };
		69D1BE832665875300415D8F /* ProfileSheetView.swift */ = {isa = PBXFileReference; lastKnownFileType = sourcecode.swift; path = ProfileSheetView.swift; sourceTree = "<group>"; };
		69D1BE8626659E0A00415D8F /* HelpView.swift */ = {isa = PBXFileReference; lastKnownFileType = sourcecode.swift; path = HelpView.swift; sourceTree = "<group>"; };
		69D1BE8826659E1000415D8F /* AboutView.swift */ = {isa = PBXFileReference; lastKnownFileType = sourcecode.swift; path = AboutView.swift; sourceTree = "<group>"; };
/* End PBXFileReference section */

/* Begin PBXFrameworksBuildPhase section */
		6955E82425B63495007898C4 /* Frameworks */ = {
			isa = PBXFrameworksBuildPhase;
			buildActionMask = 2147483647;
			files = (
				69ABBEAD25B66BE5000B0303 /* HealthKit.framework in Frameworks */,
			);
			runOnlyForDeploymentPostprocessing = 0;
		};
/* End PBXFrameworksBuildPhase section */

/* Begin PBXGroup section */
		690D07A62664CAAB005CB8E1 /* Views */ = {
			isa = PBXGroup;
			children = (
				6998214625F60EC4009A0DD5 /* ContentView.swift */,
				695722682665C929002A2797 /* ClimberView.swift */,
				6957226A2665CA92002A2797 /* ClimberBackgroundView.swift */,
				69B2DA3F266E220F002EC0EE /* NewClimb */,
				69D1BE8526659BDA00415D8F /* Profile */,
				693560A4266E1D0400F2E9A0 /* Info */,
				690D07B02664D31C005CB8E1 /* Deprecated */,
			);
			path = Views;
			sourceTree = "<group>";
		};
		690D07A72664CAB6005CB8E1 /* Model */ = {
			isa = PBXGroup;
			children = (
				69ABBEA225B66B12000B0303 /* ModelData.swift */,
				690D07A92664CBC6005CB8E1 /* Mountain.swift */,
				690D07AB2664CC3E005CB8E1 /* Profile.swift */,
				693560A2266E18F500F2E9A0 /* Climb.swift */,
			);
			path = Model;
			sourceTree = "<group>";
		};
		690D07A82664CAC1005CB8E1 /* Resources */ = {
			isa = PBXGroup;
			children = (
				690D07A42664C8FB005CB8E1 /* mountainData.json */,
			);
			path = Resources;
			sourceTree = "<group>";
		};
		690D07B02664D31C005CB8E1 /* Deprecated */ = {
			isa = PBXGroup;
			children = (
				690D07AD2664D09F005CB8E1 /* BottomSheetView.swift */,
				6998214325F5F126009A0DD5 /* OnboardingView.swift */,
				697243D425F981B800C45FA4 /* NewClimberView.swift */,
				6955E82C25B63495007898C4 /* ClimberView.swift */,
			);
			path = Deprecated;
			sourceTree = "<group>";
		};
		693560A4266E1D0400F2E9A0 /* Info */ = {
			isa = PBXGroup;
			children = (
				693560A5266E1D0400F2E9A0 /* SummaryView.swift */,
				693560A6266E1D0400F2E9A0 /* DetailsView.swift */,
				693560A7266E1D0400F2E9A0 /* AbandonButtonView.swift */,
				693560A8266E1D0400F2E9A0 /* BottomSheet */,
			);
			name = Info;
			path = Climber/Views/Info;
			sourceTree = SOURCE_ROOT;
		};
		693560A8266E1D0400F2E9A0 /* BottomSheet */ = {
			isa = PBXGroup;
			children = (
				693560A9266E1D0400F2E9A0 /* BottomSheetPosition.swift */,
				693560AA266E1D0400F2E9A0 /* BottomSheet.swift */,
				693560AB266E1D0400F2E9A0 /* README.md */,
				693560AC266E1D0400F2E9A0 /* BottomSheetView.swift */,
				693560AD266E1D0400F2E9A0 /* ViewExtension.swift */,
				693560AE266E1D0400F2E9A0 /* .gitignore */,
				693560AF266E1D0400F2E9A0 /* LICENSE.txt */,
				693560B0266E1D0400F2E9A0 /* Helpers */,
			);
			path = BottomSheet;
			sourceTree = "<group>";
		};
		693560B0266E1D0400F2E9A0 /* Helpers */ = {
			isa = PBXGroup;
			children = (
				69B2DA46266E3935002EC0EE /* EffectView.swift */,
				69B2DA44266E3935002EC0EE /* RoundedCorner.swift */,
				69B2DA45266E3935002EC0EE /* UIColorExtension.swift */,
			);
			path = Helpers;
			sourceTree = "<group>";
		};
		6955E81E25B63495007898C4 = {
			isa = PBXGroup;
			children = (
				69ABBE9925B634D2000B0303 /* README.md */,
				69ABBE9C25B634DC000B0303 /* .gitignore */,
				6955E82925B63495007898C4 /* Climber */,
				6955E82825B63495007898C4 /* Products */,
				69ABBEAB25B66BE5000B0303 /* Frameworks */,
			);
			sourceTree = "<group>";
		};
		6955E82825B63495007898C4 /* Products */ = {
			isa = PBXGroup;
			children = (
				6955E82725B63495007898C4 /* Climber.app */,
			);
			name = Products;
			sourceTree = "<group>";
		};
		6955E82925B63495007898C4 /* Climber */ = {
			isa = PBXGroup;
			children = (
				6955E82A25B63495007898C4 /* ClimberApp.swift */,
				690D07A62664CAAB005CB8E1 /* Views */,
				690D07A72664CAB6005CB8E1 /* Model */,
				690D07A82664CAC1005CB8E1 /* Resources */,
				69ABBEAA25B66BE5000B0303 /* Climber.entitlements */,
				6955E82E25B63496007898C4 /* Assets.xcassets */,
				6955E83325B63496007898C4 /* Info.plist */,
				6955E83025B63496007898C4 /* Preview Content */,
			);
			path = Climber;
			sourceTree = "<group>";
		};
		6955E83025B63496007898C4 /* Preview Content */ = {
			isa = PBXGroup;
			children = (
				6955E83125B63496007898C4 /* Preview Assets.xcassets */,
			);
			path = "Preview Content";
			sourceTree = "<group>";
		};
		6957225F2665C76C002A2797 /* About */ = {
			isa = PBXGroup;
			children = (
				69D1BE8826659E1000415D8F /* AboutView.swift */,
				695722602665C77A002A2797 /* TermsOfServiceView.swift */,
				695722622665C784002A2797 /* PrivacyPolicyView.swift */,
				695722642665C7A8002A2797 /* LicensesView.swift */,
				695722662665C7B7002A2797 /* SpecialThanksView.swift */,
			);
			path = About;
			sourceTree = "<group>";
		};
		69ABBEAB25B66BE5000B0303 /* Frameworks */ = {
			isa = PBXGroup;
			children = (
				69ABBEAC25B66BE5000B0303 /* HealthKit.framework */,
			);
			name = Frameworks;
			sourceTree = "<group>";
		};
		69B2DA3F266E220F002EC0EE /* NewClimb */ = {
			isa = PBXGroup;
			children = (
				693560C1266E1F0A00F2E9A0 /* NewClimbView.swift */,
				69B2DA40266E2236002EC0EE /* MountainsFeaturedView.swift */,
				69B2DA42266E2241002EC0EE /* MountainsListView.swift */,
				69526106266E54C400001678 /* MountainDetailView.swift */,
			);
			path = NewClimb;
			sourceTree = "<group>";
		};
		69D1BE8526659BDA00415D8F /* Profile */ = {
			isa = PBXGroup;
			children = (
				69D1BE832665875300415D8F /* ProfileSheetView.swift */,
				6957225D2665C061002A2797 /* ProfileView.swift */,
				6957225B2665BCEE002A2797 /* ProfileInfo.swift */,
				69D1BE8626659E0A00415D8F /* HelpView.swift */,
				6957225F2665C76C002A2797 /* About */,
			);
			path = Profile;
			sourceTree = "<group>";
		};
/* End PBXGroup section */

/* Begin PBXNativeTarget section */
		6955E82625B63495007898C4 /* Climber */ = {
			isa = PBXNativeTarget;
			buildConfigurationList = 6955E83625B63496007898C4 /* Build configuration list for PBXNativeTarget "Climber" */;
			buildPhases = (
				6955E82325B63495007898C4 /* Sources */,
				6955E82425B63495007898C4 /* Frameworks */,
				6955E82525B63495007898C4 /* Resources */,
			);
			buildRules = (
			);
			dependencies = (
			);
			name = Climber;
			packageProductDependencies = (
			);
			productName = Climber;
			productReference = 6955E82725B63495007898C4 /* Climber.app */;
			productType = "com.apple.product-type.application";
		};
/* End PBXNativeTarget section */

/* Begin PBXProject section */
		6955E81F25B63495007898C4 /* Project object */ = {
			isa = PBXProject;
			attributes = {
				LastSwiftUpdateCheck = 1230;
				LastUpgradeCheck = 1230;
				TargetAttributes = {
					6955E82625B63495007898C4 = {
						CreatedOnToolsVersion = 12.3;
					};
				};
			};
			buildConfigurationList = 6955E82225B63495007898C4 /* Build configuration list for PBXProject "Climber" */;
			compatibilityVersion = "Xcode 12.0";
			developmentRegion = en;
			hasScannedForEncodings = 0;
			knownRegions = (
				en,
				Base,
			);
			mainGroup = 6955E81E25B63495007898C4;
			packageReferences = (
			);
			productRefGroup = 6955E82825B63495007898C4 /* Products */;
			projectDirPath = "";
			projectRoot = "";
			targets = (
				6955E82625B63495007898C4 /* Climber */,
			);
		};
/* End PBXProject section */

/* Begin PBXResourcesBuildPhase section */
		6955E82525B63495007898C4 /* Resources */ = {
			isa = PBXResourcesBuildPhase;
			buildActionMask = 2147483647;
			files = (
				693560BD266E1D0400F2E9A0 /* LICENSE.txt in Resources */,
				693560BC266E1D0400F2E9A0 /* .gitignore in Resources */,
				690D07A52664C8FB005CB8E1 /* mountainData.json in Resources */,
				6955E83225B63496007898C4 /* Preview Assets.xcassets in Resources */,
				693560B9266E1D0400F2E9A0 /* README.md in Resources */,
				6955E82F25B63496007898C4 /* Assets.xcassets in Resources */,
			);
			runOnlyForDeploymentPostprocessing = 0;
		};
/* End PBXResourcesBuildPhase section */

/* Begin PBXSourcesBuildPhase section */
		6955E82325B63495007898C4 /* Sources */ = {
			isa = PBXSourcesBuildPhase;
			buildActionMask = 2147483647;
			files = (
				69B2DA41266E223A002EC0EE /* MountainsFeaturedView.swift in Sources */,
				693560B6266E1D0400F2E9A0 /* AbandonButtonView.swift in Sources */,
				69B2DA49266E3935002EC0EE /* EffectView.swift in Sources */,
				695722652665C7A8002A2797 /* LicensesView.swift in Sources */,
				693560B8266E1D0400F2E9A0 /* BottomSheet.swift in Sources */,
				69D1BE8926659E1000415D8F /* AboutView.swift in Sources */,
				695722632665C784002A2797 /* PrivacyPolicyView.swift in Sources */,
				69ABBEA325B66B12000B0303 /* ModelData.swift in Sources */,
				69B2DA43266E2241002EC0EE /* MountainsListView.swift in Sources */,
				693560BB266E1D0400F2E9A0 /* ViewExtension.swift in Sources */,
				69B2DA48266E3935002EC0EE /* UIColorExtension.swift in Sources */,
				6955E82B25B63495007898C4 /* ClimberApp.swift in Sources */,
				6957226B2665CA92002A2797 /* ClimberBackgroundView.swift in Sources */,
				693560B5266E1D0400F2E9A0 /* DetailsView.swift in Sources */,
				695722672665C7B7002A2797 /* SpecialThanksView.swift in Sources */,
				693560B7266E1D0400F2E9A0 /* BottomSheetPosition.swift in Sources */,
				695722612665C77A002A2797 /* TermsOfServiceView.swift in Sources */,
				690D07AA2664CBC6005CB8E1 /* Mountain.swift in Sources */,
				6998214725F60EC4009A0DD5 /* ContentView.swift in Sources */,
				693560BA266E1D0400F2E9A0 /* BottomSheetView.swift in Sources */,
				6957225E2665C061002A2797 /* ProfileView.swift in Sources */,
				695722692665C929002A2797 /* ClimberView.swift in Sources */,
				6957225C2665BCEE002A2797 /* ProfileInfo.swift in Sources */,
				690D07AC2664CC3E005CB8E1 /* Profile.swift in Sources */,
				69D1BE842665875300415D8F /* ProfileSheetView.swift in Sources */,
				69B2DA47266E3935002EC0EE /* RoundedCorner.swift in Sources */,
				693560A3266E18F500F2E9A0 /* Climb.swift in Sources */,
				693560C2266E1F0A00F2E9A0 /* NewClimbView.swift in Sources */,
				69D1BE8726659E0A00415D8F /* HelpView.swift in Sources */,
				693560B4266E1D0400F2E9A0 /* SummaryView.swift in Sources */,
				69526107266E54C400001678 /* MountainDetailView.swift in Sources */,
			);
			runOnlyForDeploymentPostprocessing = 0;
		};
/* End PBXSourcesBuildPhase section */

/* Begin XCBuildConfiguration section */
		6955E83425B63496007898C4 /* Debug */ = {
			isa = XCBuildConfiguration;
			buildSettings = {
				ALWAYS_SEARCH_USER_PATHS = NO;
				CLANG_ANALYZER_NONNULL = YES;
				CLANG_ANALYZER_NUMBER_OBJECT_CONVERSION = YES_AGGRESSIVE;
				CLANG_CXX_LANGUAGE_STANDARD = "gnu++14";
				CLANG_CXX_LIBRARY = "libc++";
				CLANG_ENABLE_MODULES = YES;
				CLANG_ENABLE_OBJC_ARC = YES;
				CLANG_ENABLE_OBJC_WEAK = YES;
				CLANG_WARN_BLOCK_CAPTURE_AUTORELEASING = YES;
				CLANG_WARN_BOOL_CONVERSION = YES;
				CLANG_WARN_COMMA = YES;
				CLANG_WARN_CONSTANT_CONVERSION = YES;
				CLANG_WARN_DEPRECATED_OBJC_IMPLEMENTATIONS = YES;
				CLANG_WARN_DIRECT_OBJC_ISA_USAGE = YES_ERROR;
				CLANG_WARN_DOCUMENTATION_COMMENTS = YES;
				CLANG_WARN_EMPTY_BODY = YES;
				CLANG_WARN_ENUM_CONVERSION = YES;
				CLANG_WARN_INFINITE_RECURSION = YES;
				CLANG_WARN_INT_CONVERSION = YES;
				CLANG_WARN_NON_LITERAL_NULL_CONVERSION = YES;
				CLANG_WARN_OBJC_IMPLICIT_RETAIN_SELF = YES;
				CLANG_WARN_OBJC_LITERAL_CONVERSION = YES;
				CLANG_WARN_OBJC_ROOT_CLASS = YES_ERROR;
				CLANG_WARN_QUOTED_INCLUDE_IN_FRAMEWORK_HEADER = YES;
				CLANG_WARN_RANGE_LOOP_ANALYSIS = YES;
				CLANG_WARN_STRICT_PROTOTYPES = YES;
				CLANG_WARN_SUSPICIOUS_MOVE = YES;
				CLANG_WARN_UNGUARDED_AVAILABILITY = YES_AGGRESSIVE;
				CLANG_WARN_UNREACHABLE_CODE = YES;
				CLANG_WARN__DUPLICATE_METHOD_MATCH = YES;
				COPY_PHASE_STRIP = NO;
				DEBUG_INFORMATION_FORMAT = dwarf;
				ENABLE_STRICT_OBJC_MSGSEND = YES;
				ENABLE_TESTABILITY = YES;
				GCC_C_LANGUAGE_STANDARD = gnu11;
				GCC_DYNAMIC_NO_PIC = NO;
				GCC_NO_COMMON_BLOCKS = YES;
				GCC_OPTIMIZATION_LEVEL = 0;
				GCC_PREPROCESSOR_DEFINITIONS = (
					"DEBUG=1",
					"$(inherited)",
				);
				GCC_WARN_64_TO_32_BIT_CONVERSION = YES;
				GCC_WARN_ABOUT_RETURN_TYPE = YES_ERROR;
				GCC_WARN_UNDECLARED_SELECTOR = YES;
				GCC_WARN_UNINITIALIZED_AUTOS = YES_AGGRESSIVE;
				GCC_WARN_UNUSED_FUNCTION = YES;
				GCC_WARN_UNUSED_VARIABLE = YES;
				IPHONEOS_DEPLOYMENT_TARGET = 14.3;
				MTL_ENABLE_DEBUG_INFO = INCLUDE_SOURCE;
				MTL_FAST_MATH = YES;
				ONLY_ACTIVE_ARCH = YES;
				SDKROOT = iphoneos;
				SWIFT_ACTIVE_COMPILATION_CONDITIONS = DEBUG;
				SWIFT_OPTIMIZATION_LEVEL = "-Onone";
			};
			name = Debug;
		};
		6955E83525B63496007898C4 /* Release */ = {
			isa = XCBuildConfiguration;
			buildSettings = {
				ALWAYS_SEARCH_USER_PATHS = NO;
				CLANG_ANALYZER_NONNULL = YES;
				CLANG_ANALYZER_NUMBER_OBJECT_CONVERSION = YES_AGGRESSIVE;
				CLANG_CXX_LANGUAGE_STANDARD = "gnu++14";
				CLANG_CXX_LIBRARY = "libc++";
				CLANG_ENABLE_MODULES = YES;
				CLANG_ENABLE_OBJC_ARC = YES;
				CLANG_ENABLE_OBJC_WEAK = YES;
				CLANG_WARN_BLOCK_CAPTURE_AUTORELEASING = YES;
				CLANG_WARN_BOOL_CONVERSION = YES;
				CLANG_WARN_COMMA = YES;
				CLANG_WARN_CONSTANT_CONVERSION = YES;
				CLANG_WARN_DEPRECATED_OBJC_IMPLEMENTATIONS = YES;
				CLANG_WARN_DIRECT_OBJC_ISA_USAGE = YES_ERROR;
				CLANG_WARN_DOCUMENTATION_COMMENTS = YES;
				CLANG_WARN_EMPTY_BODY = YES;
				CLANG_WARN_ENUM_CONVERSION = YES;
				CLANG_WARN_INFINITE_RECURSION = YES;
				CLANG_WARN_INT_CONVERSION = YES;
				CLANG_WARN_NON_LITERAL_NULL_CONVERSION = YES;
				CLANG_WARN_OBJC_IMPLICIT_RETAIN_SELF = YES;
				CLANG_WARN_OBJC_LITERAL_CONVERSION = YES;
				CLANG_WARN_OBJC_ROOT_CLASS = YES_ERROR;
				CLANG_WARN_QUOTED_INCLUDE_IN_FRAMEWORK_HEADER = YES;
				CLANG_WARN_RANGE_LOOP_ANALYSIS = YES;
				CLANG_WARN_STRICT_PROTOTYPES = YES;
				CLANG_WARN_SUSPICIOUS_MOVE = YES;
				CLANG_WARN_UNGUARDED_AVAILABILITY = YES_AGGRESSIVE;
				CLANG_WARN_UNREACHABLE_CODE = YES;
				CLANG_WARN__DUPLICATE_METHOD_MATCH = YES;
				COPY_PHASE_STRIP = NO;
				DEBUG_INFORMATION_FORMAT = "dwarf-with-dsym";
				ENABLE_NS_ASSERTIONS = NO;
				ENABLE_STRICT_OBJC_MSGSEND = YES;
				GCC_C_LANGUAGE_STANDARD = gnu11;
				GCC_NO_COMMON_BLOCKS = YES;
				GCC_WARN_64_TO_32_BIT_CONVERSION = YES;
				GCC_WARN_ABOUT_RETURN_TYPE = YES_ERROR;
				GCC_WARN_UNDECLARED_SELECTOR = YES;
				GCC_WARN_UNINITIALIZED_AUTOS = YES_AGGRESSIVE;
				GCC_WARN_UNUSED_FUNCTION = YES;
				GCC_WARN_UNUSED_VARIABLE = YES;
				IPHONEOS_DEPLOYMENT_TARGET = 14.3;
				MTL_ENABLE_DEBUG_INFO = NO;
				MTL_FAST_MATH = YES;
				SDKROOT = iphoneos;
				SWIFT_COMPILATION_MODE = wholemodule;
				SWIFT_OPTIMIZATION_LEVEL = "-O";
				VALIDATE_PRODUCT = YES;
			};
			name = Release;
		};
		6955E83725B63496007898C4 /* Debug */ = {
			isa = XCBuildConfiguration;
			buildSettings = {
				ASSETCATALOG_COMPILER_APPICON_NAME = AppIcon;
				ASSETCATALOG_COMPILER_GLOBAL_ACCENT_COLOR_NAME = AccentColor;
				CODE_SIGN_ENTITLEMENTS = Climber/Climber.entitlements;
				CODE_SIGN_STYLE = Automatic;
				DEVELOPMENT_ASSET_PATHS = "\"Climber/Preview Content\"";
				DEVELOPMENT_TEAM = C279Z7PSSN;
				ENABLE_PREVIEWS = YES;
				INFOPLIST_FILE = Climber/Info.plist;
				IPHONEOS_DEPLOYMENT_TARGET = 14.0;
				LD_RUNPATH_SEARCH_PATHS = (
					"$(inherited)",
					"@executable_path/Frameworks",
				);
				MARKETING_VERSION = 0.2;
				PRODUCT_BUNDLE_IDENTIFIER = com.alexanderjshapiro.Climber;
				PRODUCT_NAME = "$(TARGET_NAME)";
				SWIFT_VERSION = 5.0;
				TARGETED_DEVICE_FAMILY = 1;
			};
			name = Debug;
		};
		6955E83825B63496007898C4 /* Release */ = {
			isa = XCBuildConfiguration;
			buildSettings = {
				ASSETCATALOG_COMPILER_APPICON_NAME = AppIcon;
				ASSETCATALOG_COMPILER_GLOBAL_ACCENT_COLOR_NAME = AccentColor;
				CODE_SIGN_ENTITLEMENTS = Climber/Climber.entitlements;
				CODE_SIGN_STYLE = Automatic;
				DEVELOPMENT_ASSET_PATHS = "\"Climber/Preview Content\"";
				DEVELOPMENT_TEAM = C279Z7PSSN;
				ENABLE_PREVIEWS = YES;
				INFOPLIST_FILE = Climber/Info.plist;
				IPHONEOS_DEPLOYMENT_TARGET = 14.0;
				LD_RUNPATH_SEARCH_PATHS = (
					"$(inherited)",
					"@executable_path/Frameworks",
				);
				MARKETING_VERSION = 0.2;
				PRODUCT_BUNDLE_IDENTIFIER = com.alexanderjshapiro.Climber;
				PRODUCT_NAME = "$(TARGET_NAME)";
				SWIFT_VERSION = 5.0;
				TARGETED_DEVICE_FAMILY = 1;
			};
			name = Release;
		};
/* End XCBuildConfiguration section */

/* Begin XCConfigurationList section */
		6955E82225B63495007898C4 /* Build configuration list for PBXProject "Climber" */ = {
			isa = XCConfigurationList;
			buildConfigurations = (
				6955E83425B63496007898C4 /* Debug */,
				6955E83525B63496007898C4 /* Release */,
			);
			defaultConfigurationIsVisible = 0;
			defaultConfigurationName = Release;
		};
		6955E83625B63496007898C4 /* Build configuration list for PBXNativeTarget "Climber" */ = {
			isa = XCConfigurationList;
			buildConfigurations = (
				6955E83725B63496007898C4 /* Debug */,
				6955E83825B63496007898C4 /* Release */,
			);
			defaultConfigurationIsVisible = 0;
			defaultConfigurationName = Release;
		};
/* End XCConfigurationList section */
	};
	rootObject = 6955E81F25B63495007898C4 /* Project object */;
}
